Microsoft Visual Studio Solution File, Format Version 12.00
# Visual Studio Version 17
VisualStudioVersion = 17.5.2.0
MinimumVisualStudioVersion = 10.0.40219.1
Project("{FAE04EC0-301F-11D3-BF4B-00C04F79EFBC}") = "ORIC_API", "ORIC_API\ORIC_API.csproj", "{D16886BC-392A-1F4C-77ED-28CA70D4FF2D}"
EndProject
Global
	GlobalSection(SolutionConfigurationPlatforms) = preSolution
		Debug|Any CPU = Debug|Any CPU
		Release|Any CPU = Release|Any CPU
	EndGlobalSection
	GlobalSection(ProjectConfigurationPlatforms) = postSolution
		{D16886BC-392A-1F4C-77ED-28CA70D4FF2D}.Debug|Any CPU.ActiveCfg = Debug|Any CPU
		{D16886BC-392A-1F4C-77ED-28CA70D4FF2D}.Debug|Any CPU.Build.0 = Debug|Any CPU
		{D16886BC-392A-1F4C-77ED-28CA70D4FF2D}.Release|Any CPU.ActiveCfg = Release|Any CPU
		{D16886BC-392A-1F4C-77ED-28CA70D4FF2D}.Release|Any CPU.Build.0 = Release|Any CPU
	EndGlobalSection
	GlobalSection(SolutionProperties) = preSolution
		HideSolutionNode = FALSE
	EndGlobalSection
	GlobalSection(ExtensibilityGlobals) = postSolution
		SolutionGuid = {DAE294E7-A390-4705-9CC2-C5D11BF7AF0C}
	EndGlobalSection
EndGlobal
